// !$*UTF8*$!
{
	archiveVersion = 1;
	classes = {
	};
	objectVersion = 50;
	objects = {

/* Begin PBXBuildFile section */
		D1A6A5922195B83700FE31BB /* MasterViewController.swift in Sources */ = {isa = PBXBuildFile; fileRef = D1A6A5912195B83700FE31BB /* MasterViewController.swift */; };
		D1A6A5942195B83700FE31BB /* DetailViewController.swift in Sources */ = {isa = PBXBuildFile; fileRef = D1A6A5932195B83700FE31BB /* DetailViewController.swift */; };
		D1A6A5972195B83700FE31BB /* Main.storyboard in Resources */ = {isa = PBXBuildFile; fileRef = D1A6A5952195B83700FE31BB /* Main.storyboard */; };
		D1A6A5992195B83900FE31BB /* Assets.xcassets in Resources */ = {isa = PBXBuildFile; fileRef = D1A6A5982195B83900FE31BB /* Assets.xcassets */; };
		D1A6A59C2195B83900FE31BB /* LaunchScreen.storyboard in Resources */ = {isa = PBXBuildFile; fileRef = D1A6A59A2195B83900FE31BB /* LaunchScreen.storyboard */; };
		D1A6A5A72195B83900FE31BB /* CityLabTests.swift in Sources */ = {isa = PBXBuildFile; fileRef = D1A6A5A62195B83900FE31BB /* CityLabTests.swift */; };
		D1A6A5B32195B92800FE31BB /* AppDelegate.swift in Sources */ = {isa = PBXBuildFile; fileRef = D1A6A5B22195B92800FE31BB /* AppDelegate.swift */; };
		D1A6A5BA2195BA9100FE31BB /* cities.json in Resources */ = {isa = PBXBuildFile; fileRef = D1A6A5B92195BA9100FE31BB /* cities.json */; };
		D1A6A5BC2195BAD900FE31BB /* BinaryTree.swift in Sources */ = {isa = PBXBuildFile; fileRef = D1A6A5BB2195BAD900FE31BB /* BinaryTree.swift */; };
		D1A6A5C32195DAE900FE31BB /* JsonUtility.swift in Sources */ = {isa = PBXBuildFile; fileRef = D1A6A5C22195DAE900FE31BB /* JsonUtility.swift */; };
		D1A6A5C72195E44700FE31BB /* StringExt.swift in Sources */ = {isa = PBXBuildFile; fileRef = D1A6A5C62195E44700FE31BB /* StringExt.swift */; };
		D1A6A5C92195E7D900FE31BB /* City.swift in Sources */ = {isa = PBXBuildFile; fileRef = D1A6A5C82195E7D900FE31BB /* City.swift */; };
/* End PBXBuildFile section */

/* Begin PBXContainerItemProxy section */
		D1A6A5A32195B83900FE31BB /* PBXContainerItemProxy */ = {
			isa = PBXContainerItemProxy;
			containerPortal = D1A6A5842195B83700FE31BB /* Project object */;
			proxyType = 1;
			remoteGlobalIDString = D1A6A58B2195B83700FE31BB;
			remoteInfo = CityLab;
		};
/* End PBXContainerItemProxy section */

/* Begin PBXFileReference section */
		D1A6A58C2195B83700FE31BB /* CityLab.app */ = {isa = PBXFileReference; explicitFileType = wrapper.application; includeInIndex = 0; path = CityLab.app; sourceTree = BUILT_PRODUCTS_DIR; };
		D1A6A5912195B83700FE31BB /* MasterViewController.swift */ = {isa = PBXFileReference; lastKnownFileType = sourcecode.swift; path = MasterViewController.swift; sourceTree = "<group>"; };
		D1A6A5932195B83700FE31BB /* DetailViewController.swift */ = {isa = PBXFileReference; lastKnownFileType = sourcecode.swift; path = DetailViewController.swift; sourceTree = "<group>"; };
		D1A6A5962195B83700FE31BB /* Base */ = {isa = PBXFileReference; lastKnownFileType = file.storyboard; name = Base; path = Base.lproj/Main.storyboard; sourceTree = "<group>"; };
		D1A6A5982195B83900FE31BB /* Assets.xcassets */ = {isa = PBXFileReference; lastKnownFileType = folder.assetcatalog; path = Assets.xcassets; sourceTree = "<group>"; };
		D1A6A59B2195B83900FE31BB /* Base */ = {isa = PBXFileReference; lastKnownFileType = file.storyboard; name = Base; path = Base.lproj/LaunchScreen.storyboard; sourceTree = "<group>"; };
		D1A6A59D2195B83900FE31BB /* Info.plist */ = {isa = PBXFileReference; lastKnownFileType = text.plist.xml; path = Info.plist; sourceTree = "<group>"; };
		D1A6A5A22195B83900FE31BB /* CityLabTests.xctest */ = {isa = PBXFileReference; explicitFileType = wrapper.cfbundle; includeInIndex = 0; path = CityLabTests.xctest; sourceTree = BUILT_PRODUCTS_DIR; };
		D1A6A5A62195B83900FE31BB /* CityLabTests.swift */ = {isa = PBXFileReference; lastKnownFileType = sourcecode.swift; path = CityLabTests.swift; sourceTree = "<group>"; };
		D1A6A5A82195B83900FE31BB /* Info.plist */ = {isa = PBXFileReference; lastKnownFileType = text.plist.xml; path = Info.plist; sourceTree = "<group>"; };
		D1A6A5B22195B92800FE31BB /* AppDelegate.swift */ = {isa = PBXFileReference; fileEncoding = 4; lastKnownFileType = sourcecode.swift; path = AppDelegate.swift; sourceTree = "<group>"; };
		D1A6A5B92195BA9100FE31BB /* cities.json */ = {isa = PBXFileReference; fileEncoding = 4; lastKnownFileType = text.json; path = cities.json; sourceTree = "<group>"; };
		D1A6A5BB2195BAD900FE31BB /* BinaryTree.swift */ = {isa = PBXFileReference; lastKnownFileType = sourcecode.swift; path = BinaryTree.swift; sourceTree = "<group>"; };
		D1A6A5C22195DAE900FE31BB /* JsonUtility.swift */ = {isa = PBXFileReference; fileEncoding = 4; lastKnownFileType = sourcecode.swift; path = JsonUtility.swift; sourceTree = "<group>"; };
		D1A6A5C62195E44700FE31BB /* StringExt.swift */ = {isa = PBXFileReference; lastKnownFileType = sourcecode.swift; path = StringExt.swift; sourceTree = "<group>"; };
		D1A6A5C82195E7D900FE31BB /* City.swift */ = {isa = PBXFileReference; lastKnownFileType = sourcecode.swift; path = City.swift; sourceTree = "<group>"; };
/* End PBXFileReference section */

/* Begin PBXFrameworksBuildPhase section */
		D1A6A5892195B83700FE31BB /* Frameworks */ = {
			isa = PBXFrameworksBuildPhase;
			buildActionMask = 2147483647;
			files = (
			);
			runOnlyForDeploymentPostprocessing = 0;
		};
		D1A6A59F2195B83900FE31BB /* Frameworks */ = {
			isa = PBXFrameworksBuildPhase;
			buildActionMask = 2147483647;
			files = (
			);
			runOnlyForDeploymentPostprocessing = 0;
		};
/* End PBXFrameworksBuildPhase section */

/* Begin PBXGroup section */
		D1A6A5832195B83700FE31BB = {
			isa = PBXGroup;
			children = (
				D1A6A58E2195B83700FE31BB /* CityLab */,
				D1A6A5A52195B83900FE31BB /* CityLabTests */,
				D1A6A58D2195B83700FE31BB /* Products */,
			);
			sourceTree = "<group>";
		};
		D1A6A58D2195B83700FE31BB /* Products */ = {
			isa = PBXGroup;
			children = (
				D1A6A58C2195B83700FE31BB /* CityLab.app */,
				D1A6A5A22195B83900FE31BB /* CityLabTests.xctest */,
			);
			name = Products;
			sourceTree = "<group>";
		};
		D1A6A58E2195B83700FE31BB /* CityLab */ = {
			isa = PBXGroup;
			children = (
				D1A6A5B12195B92800FE31BB /* Application */,
				D1A6A5B52195B9D200FE31BB /* Tabs */,
				D1A6A5B42195B9D200FE31BB /* Tree */,
				D1A6A5B72195BA9100FE31BB /* Model */,
				D1A6A5BD2195BC5200FE31BB /* Utility */,
				D1A6A5912195B83700FE31BB /* MasterViewController.swift */,
				D1A6A5932195B83700FE31BB /* DetailViewController.swift */,
				D1A6A5952195B83700FE31BB /* Main.storyboard */,
				D1A6A5982195B83900FE31BB /* Assets.xcassets */,
				D1A6A59A2195B83900FE31BB /* LaunchScreen.storyboard */,
				D1A6A59D2195B83900FE31BB /* Info.plist */,
			);
			path = CityLab;
			sourceTree = "<group>";
		};
		D1A6A5A52195B83900FE31BB /* CityLabTests */ = {
			isa = PBXGroup;
			children = (
				D1A6A5A62195B83900FE31BB /* CityLabTests.swift */,
				D1A6A5A82195B83900FE31BB /* Info.plist */,
			);
			path = CityLabTests;
			sourceTree = "<group>";
		};
		D1A6A5B12195B92800FE31BB /* Application */ = {
			isa = PBXGroup;
			children = (
				D1A6A5B22195B92800FE31BB /* AppDelegate.swift */,
			);
			path = Application;
			sourceTree = "<group>";
		};
		D1A6A5B42195B9D200FE31BB /* Tree */ = {
			isa = PBXGroup;
			children = (
				D1A6A5BB2195BAD900FE31BB /* BinaryTree.swift */,
			);
			path = Tree;
			sourceTree = "<group>";
		};
		D1A6A5B52195B9D200FE31BB /* Tabs */ = {
			isa = PBXGroup;
			children = (
				D1A6A5B62195BA0C00FE31BB /* Search */,
			);
			path = Tabs;
			sourceTree = "<group>";
		};
		D1A6A5B62195BA0C00FE31BB /* Search */ = {
			isa = PBXGroup;
			children = (
			);
			path = Search;
			sourceTree = "<group>";
		};
		D1A6A5B72195BA9100FE31BB /* Model */ = {
			isa = PBXGroup;
			children = (
				D1A6A5B82195BA9100FE31BB /* Data */,
				D1A6A5C82195E7D900FE31BB /* City.swift */,
			);
			path = Model;
			sourceTree = "<group>";
		};
		D1A6A5B82195BA9100FE31BB /* Data */ = {
			isa = PBXGroup;
			children = (
				D1A6A5B92195BA9100FE31BB /* cities.json */,
			);
			path = Data;
			sourceTree = "<group>";
		};
		D1A6A5BD2195BC5200FE31BB /* Utility */ = {
			isa = PBXGroup;
			children = (
				D1A6A5C12195DAE900FE31BB /* JSON */,
				D1A6A5C02195DACE00FE31BB /* Extensions */,
			);
			path = Utility;
			sourceTree = "<group>";
		};
		D1A6A5C02195DACE00FE31BB /* Extensions */ = {
			isa = PBXGroup;
			children = (
				D1A6A5C62195E44700FE31BB /* StringExt.swift */,
			);
			path = Extensions;
			sourceTree = "<group>";
		};
		D1A6A5C12195DAE900FE31BB /* JSON */ = {
			isa = PBXGroup;
			children = (
				D1A6A5C22195DAE900FE31BB /* JsonUtility.swift */,
			);
			path = JSON;
			sourceTree = "<group>";
		};
/* End PBXGroup section */

/* Begin PBXNativeTarget section */
		D1A6A58B2195B83700FE31BB /* CityLab */ = {
			isa = PBXNativeTarget;
			buildConfigurationList = D1A6A5AB2195B83900FE31BB /* Build configuration list for PBXNativeTarget "CityLab" */;
			buildPhases = (
				D1A6A5882195B83700FE31BB /* Sources */,
				D1A6A5892195B83700FE31BB /* Frameworks */,
				D1A6A58A2195B83700FE31BB /* Resources */,
			);
			buildRules = (
			);
			dependencies = (
			);
			name = CityLab;
			productName = CityLab;
			productReference = D1A6A58C2195B83700FE31BB /* CityLab.app */;
			productType = "com.apple.product-type.application";
		};
		D1A6A5A12195B83900FE31BB /* CityLabTests */ = {
			isa = PBXNativeTarget;
			buildConfigurationList = D1A6A5AE2195B83900FE31BB /* Build configuration list for PBXNativeTarget "CityLabTests" */;
			buildPhases = (
				D1A6A59E2195B83900FE31BB /* Sources */,
				D1A6A59F2195B83900FE31BB /* Frameworks */,
				D1A6A5A02195B83900FE31BB /* Resources */,
			);
			buildRules = (
			);
			dependencies = (
				D1A6A5A42195B83900FE31BB /* PBXTargetDependency */,
			);
			name = CityLabTests;
			productName = CityLabTests;
			productReference = D1A6A5A22195B83900FE31BB /* CityLabTests.xctest */;
			productType = "com.apple.product-type.bundle.unit-test";
		};
/* End PBXNativeTarget section */

/* Begin PBXProject section */
		D1A6A5842195B83700FE31BB /* Project object */ = {
			isa = PBXProject;
			attributes = {
				LastSwiftUpdateCheck = 1010;
				LastUpgradeCheck = 1010;
				ORGANIZATIONNAME = "Gigabit LLC";
				TargetAttributes = {
					D1A6A58B2195B83700FE31BB = {
						CreatedOnToolsVersion = 10.1;
					};
					D1A6A5A12195B83900FE31BB = {
						CreatedOnToolsVersion = 10.1;
						TestTargetID = D1A6A58B2195B83700FE31BB;
					};
				};
			};
			buildConfigurationList = D1A6A5872195B83700FE31BB /* Build configuration list for PBXProject "CityLab" */;
			compatibilityVersion = "Xcode 9.3";
			developmentRegion = en;
			hasScannedForEncodings = 0;
			knownRegions = (
				en,
				Base,
			);
			mainGroup = D1A6A5832195B83700FE31BB;
			productRefGroup = D1A6A58D2195B83700FE31BB /* Products */;
			projectDirPath = "";
			projectRoot = "";
			targets = (
				D1A6A58B2195B83700FE31BB /* CityLab */,
				D1A6A5A12195B83900FE31BB /* CityLabTests */,
			);
		};
/* End PBXProject section */

/* Begin PBXResourcesBuildPhase section */
		D1A6A58A2195B83700FE31BB /* Resources */ = {
			isa = PBXResourcesBuildPhase;
			buildActionMask = 2147483647;
			files = (
				D1A6A5BA2195BA9100FE31BB /* cities.json in Resources */,
				D1A6A59C2195B83900FE31BB /* LaunchScreen.storyboard in Resources */,
				D1A6A5992195B83900FE31BB /* Assets.xcassets in Resources */,
				D1A6A5972195B83700FE31BB /* Main.storyboard in Resources */,
			);
			runOnlyForDeploymentPostprocessing = 0;
		};
		D1A6A5A02195B83900FE31BB /* Resources */ = {
			isa = PBXResourcesBuildPhase;
			buildActionMask = 2147483647;
			files = (
			);
			runOnlyForDeploymentPostprocessing = 0;
		};
/* End PBXResourcesBuildPhase section */

/* Begin PBXSourcesBuildPhase section */
		D1A6A5882195B83700FE31BB /* Sources */ = {
			isa = PBXSourcesBuildPhase;
			buildActionMask = 2147483647;
			files = (
				D1A6A5C32195DAE900FE31BB /* JsonUtility.swift in Sources */,
				D1A6A5BC2195BAD900FE31BB /* BinaryTree.swift in Sources */,
				D1A6A5B32195B92800FE31BB /* AppDelegate.swift in Sources */,
				D1A6A5C72195E44700FE31BB /* StringExt.swift in Sources */,
				D1A6A5942195B83700FE31BB /* DetailViewController.swift in Sources */,
				D1A6A5922195B83700FE31BB /* MasterViewController.swift in Sources */,
				D1A6A5C92195E7D900FE31BB /* City.swift in Sources */,
			);
			runOnlyForDeploymentPostprocessing = 0;
		};
		D1A6A59E2195B83900FE31BB /* Sources */ = {
			isa = PBXSourcesBuildPhase;
			buildActionMask = 2147483647;
			files = (
				D1A6A5A72195B83900FE31BB /* CityLabTests.swift in Sources */,
			);
			runOnlyForDeploymentPostprocessing = 0;
		};
/* End PBXSourcesBuildPhase section */

/* Begin PBXTargetDependency section */
		D1A6A5A42195B83900FE31BB /* PBXTargetDependency */ = {
			isa = PBXTargetDependency;
			target = D1A6A58B2195B83700FE31BB /* CityLab */;
			targetProxy = D1A6A5A32195B83900FE31BB /* PBXContainerItemProxy */;
		};
/* End PBXTargetDependency section */

/* Begin PBXVariantGroup section */
		D1A6A5952195B83700FE31BB /* Main.storyboard */ = {
			isa = PBXVariantGroup;
			children = (
				D1A6A5962195B83700FE31BB /* Base */,
			);
			name = Main.storyboard;
			sourceTree = "<group>";
		};
		D1A6A59A2195B83900FE31BB /* LaunchScreen.storyboard */ = {
			isa = PBXVariantGroup;
			children = (
				D1A6A59B2195B83900FE31BB /* Base */,
			);
			name = LaunchScreen.storyboard;
			sourceTree = "<group>";
		};
/* End PBXVariantGroup section */

/* Begin XCBuildConfiguration section */
		D1A6A5A92195B83900FE31BB /* Debug */ = {
			isa = XCBuildConfiguration;
			buildSettings = {
				ALWAYS_SEARCH_USER_PATHS = NO;
				CLANG_ANALYZER_NONNULL = YES;
				CLANG_ANALYZER_NUMBER_OBJECT_CONVERSION = YES_AGGRESSIVE;
				CLANG_CXX_LANGUAGE_STANDARD = "gnu++14";
				CLANG_CXX_LIBRARY = "libc++";
				CLANG_ENABLE_MODULES = YES;
				CLANG_ENABLE_OBJC_ARC = YES;
				CLANG_ENABLE_OBJC_WEAK = YES;
				CLANG_WARN_BLOCK_CAPTURE_AUTORELEASING = YES;
				CLANG_WARN_BOOL_CONVERSION = YES;
				CLANG_WARN_COMMA = YES;
				CLANG_WARN_CONSTANT_CONVERSION = YES;
				CLANG_WARN_DEPRECATED_OBJC_IMPLEMENTATIONS = YES;
				CLANG_WARN_DIRECT_OBJC_ISA_USAGE = YES_ERROR;
				CLANG_WARN_DOCUMENTATION_COMMENTS = YES;
				CLANG_WARN_EMPTY_BODY = YES;
				CLANG_WARN_ENUM_CONVERSION = YES;
				CLANG_WARN_INFINITE_RECURSION = YES;
				CLANG_WARN_INT_CONVERSION = YES;
				CLANG_WARN_NON_LITERAL_NULL_CONVERSION = YES;
				CLANG_WARN_OBJC_IMPLICIT_RETAIN_SELF = YES;
				CLANG_WARN_OBJC_LITERAL_CONVERSION = YES;
				CLANG_WARN_OBJC_ROOT_CLASS = YES_ERROR;
				CLANG_WARN_RANGE_LOOP_ANALYSIS = YES;
				CLANG_WARN_STRICT_PROTOTYPES = YES;
				CLANG_WARN_SUSPICIOUS_MOVE = YES;
				CLANG_WARN_UNGUARDED_AVAILABILITY = YES_AGGRESSIVE;
				CLANG_WARN_UNREACHABLE_CODE = YES;
				CLANG_WARN__DUPLICATE_METHOD_MATCH = YES;
				CODE_SIGN_IDENTITY = "iPhone Developer";
				COPY_PHASE_STRIP = NO;
				DEBUG_INFORMATION_FORMAT = dwarf;
				ENABLE_STRICT_OBJC_MSGSEND = YES;
				ENABLE_TESTABILITY = YES;
				GCC_C_LANGUAGE_STANDARD = gnu11;
				GCC_DYNAMIC_NO_PIC = NO;
				GCC_NO_COMMON_BLOCKS = YES;
				GCC_OPTIMIZATION_LEVEL = 0;
				GCC_PREPROCESSOR_DEFINITIONS = (
					"DEBUG=1",
					"$(inherited)",
				);
				GCC_WARN_64_TO_32_BIT_CONVERSION = YES;
				GCC_WARN_ABOUT_RETURN_TYPE = YES_ERROR;
				GCC_WARN_UNDECLARED_SELECTOR = YES;
				GCC_WARN_UNINITIALIZED_AUTOS = YES_AGGRESSIVE;
				GCC_WARN_UNUSED_FUNCTION = YES;
				GCC_WARN_UNUSED_VARIABLE = YES;
				IPHONEOS_DEPLOYMENT_TARGET = 12.1;
				MTL_ENABLE_DEBUG_INFO = INCLUDE_SOURCE;
				MTL_FAST_MATH = YES;
				ONLY_ACTIVE_ARCH = YES;
				SDKROOT = iphoneos;
				SWIFT_ACTIVE_COMPILATION_CONDITIONS = DEBUG;
				SWIFT_OPTIMIZATION_LEVEL = "-Onone";
			};
			name = Debug;
		};
		D1A6A5AA2195B83900FE31BB /* Release */ = {
			isa = XCBuildConfiguration;
			buildSettings = {
				ALWAYS_SEARCH_USER_PATHS = NO;
				CLANG_ANALYZER_NONNULL = YES;
				CLANG_ANALYZER_NUMBER_OBJECT_CONVERSION = YES_AGGRESSIVE;
				CLANG_CXX_LANGUAGE_STANDARD = "gnu++14";
				CLANG_CXX_LIBRARY = "libc++";
				CLANG_ENABLE_MODULES = YES;
				CLANG_ENABLE_OBJC_ARC = YES;
				CLANG_ENABLE_OBJC_WEAK = YES;
				CLANG_WARN_BLOCK_CAPTURE_AUTORELEASING = YES;
				CLANG_WARN_BOOL_CONVERSION = YES;
				CLANG_WARN_COMMA = YES;
				CLANG_WARN_CONSTANT_CONVERSION = YES;
				CLANG_WARN_DEPRECATED_OBJC_IMPLEMENTATIONS = YES;
				CLANG_WARN_DIRECT_OBJC_ISA_USAGE = YES_ERROR;
				CLANG_WARN_DOCUMENTATION_COMMENTS = YES;
				CLANG_WARN_EMPTY_BODY = YES;
				CLANG_WARN_ENUM_CONVERSION = YES;
				CLANG_WARN_INFINITE_RECURSION = YES;
				CLANG_WARN_INT_CONVERSION = YES;
				CLANG_WARN_NON_LITERAL_NULL_CONVERSION = YES;
				CLANG_WARN_OBJC_IMPLICIT_RETAIN_SELF = YES;
				CLANG_WARN_OBJC_LITERAL_CONVERSION = YES;
				CLANG_WARN_OBJC_ROOT_CLASS = YES_ERROR;
				CLANG_WARN_RANGE_LOOP_ANALYSIS = YES;
				CLANG_WARN_STRICT_PROTOTYPES = YES;
				CLANG_WARN_SUSPICIOUS_MOVE = YES;
				CLANG_WARN_UNGUARDED_AVAILABILITY = YES_AGGRESSIVE;
				CLANG_WARN_UNREACHABLE_CODE = YES;
				CLANG_WARN__DUPLICATE_METHOD_MATCH = YES;
				CODE_SIGN_IDENTITY = "iPhone Developer";
				COPY_PHASE_STRIP = NO;
				DEBUG_INFORMATION_FORMAT = "dwarf-with-dsym";
				ENABLE_NS_ASSERTIONS = NO;
				ENABLE_STRICT_OBJC_MSGSEND = YES;
				GCC_C_LANGUAGE_STANDARD = gnu11;
				GCC_NO_COMMON_BLOCKS = YES;
				GCC_WARN_64_TO_32_BIT_CONVERSION = YES;
				GCC_WARN_ABOUT_RETURN_TYPE = YES_ERROR;
				GCC_WARN_UNDECLARED_SELECTOR = YES;
				GCC_WARN_UNINITIALIZED_AUTOS = YES_AGGRESSIVE;
				GCC_WARN_UNUSED_FUNCTION = YES;
				GCC_WARN_UNUSED_VARIABLE = YES;
				IPHONEOS_DEPLOYMENT_TARGET = 12.1;
				MTL_ENABLE_DEBUG_INFO = NO;
				MTL_FAST_MATH = YES;
				SDKROOT = iphoneos;
				SWIFT_COMPILATION_MODE = wholemodule;
				SWIFT_OPTIMIZATION_LEVEL = "-O";
				VALIDATE_PRODUCT = YES;
			};
			name = Release;
		};
		D1A6A5AC2195B83900FE31BB /* Debug */ = {
			isa = XCBuildConfiguration;
			buildSettings = {
				ASSETCATALOG_COMPILER_APPICON_NAME = AppIcon;
				CODE_SIGN_STYLE = Automatic;
				DEVELOPMENT_TEAM = MX6EDE7QQU;
				INFOPLIST_FILE = CityLab/Info.plist;
				LD_RUNPATH_SEARCH_PATHS = (
					"$(inherited)",
					"@executable_path/Frameworks",
				);
				PRODUCT_BUNDLE_IDENTIFIER = com.gigabit.CityLab;
				PRODUCT_NAME = "$(TARGET_NAME)";
				SWIFT_VERSION = 4.2;
				TARGETED_DEVICE_FAMILY = "1,2";
			};
			name = Debug;
		};
		D1A6A5AD2195B83900FE31BB /* Release */ = {
			isa = XCBuildConfiguration;
			buildSettings = {
				ASSETCATALOG_COMPILER_APPICON_NAME = AppIcon;
				CODE_SIGN_STYLE = Automatic;
				DEVELOPMENT_TEAM = MX6EDE7QQU;
				INFOPLIST_FILE = CityLab/Info.plist;
				LD_RUNPATH_SEARCH_PATHS = (
					"$(inherited)",
					"@executable_path/Frameworks",
				);
				PRODUCT_BUNDLE_IDENTIFIER = com.gigabit.CityLab;
				PRODUCT_NAME = "$(TARGET_NAME)";
				SWIFT_VERSION = 4.2;
				TARGETED_DEVICE_FAMILY = "1,2";
			};
			name = Release;
		};
		D1A6A5AF2195B83900FE31BB /* Debug */ = {
			isa = XCBuildConfiguration;
			buildSettings = {
				ALWAYS_EMBED_SWIFT_STANDARD_LIBRARIES = YES;
				BUNDLE_LOADER = "$(TEST_HOST)";
				CODE_SIGN_STYLE = Automatic;
				DEVELOPMENT_TEAM = MX6EDE7QQU;
				INFOPLIST_FILE = CityLabTests/Info.plist;
				LD_RUNPATH_SEARCH_PATHS = (
					"$(inherited)",
					"@executable_path/Frameworks",
					"@loader_path/Frameworks",
				);
				PRODUCT_BUNDLE_IDENTIFIER = com.gigabit.CityLabTests;
				PRODUCT_NAME = "$(TARGET_NAME)";
				SWIFT_VERSION = 4.2;
				TARGETED_DEVICE_FAMILY = "1,2";
				TEST_HOST = "$(BUILT_PRODUCTS_DIR)/CityLab.app/CityLab";
			};
			name = Debug;
		};
		D1A6A5B02195B83900FE31BB /* Release */ = {
			isa = XCBuildConfiguration;
			buildSettings = {
				ALWAYS_EMBED_SWIFT_STANDARD_LIBRARIES = YES;
				BUNDLE_LOADER = "$(TEST_HOST)";
				CODE_SIGN_STYLE = Automatic;
				DEVELOPMENT_TEAM = MX6EDE7QQU;
				INFOPLIST_FILE = CityLabTests/Info.plist;
				LD_RUNPATH_SEARCH_PATHS = (
					"$(inherited)",
					"@executable_path/Frameworks",
					"@loader_path/Frameworks",
				);
				PRODUCT_BUNDLE_IDENTIFIER = com.gigabit.CityLabTests;
				PRODUCT_NAME = "$(TARGET_NAME)";
				SWIFT_VERSION = 4.2;
				TARGETED_DEVICE_FAMILY = "1,2";
				TEST_HOST = "$(BUILT_PRODUCTS_DIR)/CityLab.app/CityLab";
			};
			name = Release;
		};
/* End XCBuildConfiguration section */

/* Begin XCConfigurationList section */
		D1A6A5872195B83700FE31BB /* Build configuration list for PBXProject "CityLab" */ = {
			isa = XCConfigurationList;
			buildConfigurations = (
				D1A6A5A92195B83900FE31BB /* Debug */,
				D1A6A5AA2195B83900FE31BB /* Release */,
			);
			defaultConfigurationIsVisible = 0;
			defaultConfigurationName = Release;
		};
		D1A6A5AB2195B83900FE31BB /* Build configuration list for PBXNativeTarget "CityLab" */ = {
			isa = XCConfigurationList;
			buildConfigurations = (
				D1A6A5AC2195B83900FE31BB /* Debug */,
				D1A6A5AD2195B83900FE31BB /* Release */,
			);
			defaultConfigurationIsVisible = 0;
			defaultConfigurationName = Release;
		};
		D1A6A5AE2195B83900FE31BB /* Build configuration list for PBXNativeTarget "CityLabTests" */ = {
			isa = XCConfigurationList;
			buildConfigurations = (
				D1A6A5AF2195B83900FE31BB /* Debug */,
				D1A6A5B02195B83900FE31BB /* Release */,
			);
			defaultConfigurationIsVisible = 0;
			defaultConfigurationName = Release;
		};
/* End XCConfigurationList section */
	};
	rootObject = D1A6A5842195B83700FE31BB /* Project object */;
}
